
Microsoft Visual Studio Solution File, Format Version 12.00
# Visual Studio Version 17
VisualStudioVersion = 17.5.002.0
MinimumVisualStudioVersion = 10.0.40219.1
Project("{9A19103F-16F7-4668-BE54-9A1E7A4F7556}") = "DesignPattern", "DesignPattern.csproj", "{3FD37730-2467-44D2-9C6F-970C934111F5}"
EndProject
Global
	GlobalSection(SolutionConfigurationPlatforms) = preSolution
		Debug|Any CPU = Debug|Any CPU
		Release|Any CPU = Release|Any CPU
	EndGlobalSection
	GlobalSection(ProjectConfigurationPlatforms) = postSolution
		{3FD37730-2467-44D2-9C6F-970C934111F5}.Debug|Any CPU.ActiveCfg = Debug|Any CPU
		{3FD37730-2467-44D2-9C6F-970C934111F5}.Debug|Any CPU.Build.0 = Debug|Any CPU
		{3FD37730-2467-44D2-9C6F-970C934111F5}.Release|Any CPU.ActiveCfg = Release|Any CPU
		{3FD37730-2467-44D2-9C6F-970C934111F5}.Release|Any CPU.Build.0 = Release|Any CPU
	EndGlobalSection
	GlobalSection(SolutionProperties) = preSolution
		HideSolutionNode = FALSE
	EndGlobalSection
	GlobalSection(ExtensibilityGlobals) = postSolution
		SolutionGuid = {DDE2ED01-FF04-4863-8E61-596687D99BBA}
	EndGlobalSection
EndGlobal
